// !$*UTF8*$!
{
	archiveVersion = 1;
	classes = {
	};
	objectVersion = 48;
	objects = {

/* Begin PBXBuildFile section */
		C61C1B451F801B7900198B4D /* StarsParticle.sks in Resources */ = {isa = PBXBuildFile; fileRef = C61C1B441F801B7900198B4D /* StarsParticle.sks */; };
		C65866B21F7EF2860086C17E /* Ship.swift in Sources */ = {isa = PBXBuildFile; fileRef = C65866B11F7EF2860086C17E /* Ship.swift */; };
		C65866B41F7EF5C60086C17E /* GameScene+SKPhysics.swift in Sources */ = {isa = PBXBuildFile; fileRef = C65866B31F7EF5C60086C17E /* GameScene+SKPhysics.swift */; };
		C65866B61F7F02480086C17E /* AnalogJoystick.swift in Sources */ = {isa = PBXBuildFile; fileRef = C65866B51F7F02480086C17E /* AnalogJoystick.swift */; };
		C65866B81F7F04130086C17E /* AnalogStickDelegate.swift in Sources */ = {isa = PBXBuildFile; fileRef = C65866B71F7F04130086C17E /* AnalogStickDelegate.swift */; };
		C65866BC1F7FDA350086C17E /* Bullet.swift in Sources */ = {isa = PBXBuildFile; fileRef = C65866BB1F7FDA350086C17E /* Bullet.swift */; };
		C65866BE1F7FECD30086C17E /* Shootable.swift in Sources */ = {isa = PBXBuildFile; fileRef = C65866BD1F7FECD30086C17E /* Shootable.swift */; };
		C65866C01F7FEEC20086C17E /* HudLayer+TouchEvents.swift in Sources */ = {isa = PBXBuildFile; fileRef = C65866BF1F7FEEC20086C17E /* HudLayer+TouchEvents.swift */; };
		C65866C21F7FF2B20086C17E /* Planet.swift in Sources */ = {isa = PBXBuildFile; fileRef = C65866C11F7FF2B20086C17E /* Planet.swift */; };
		C65866C51F7FF4F40086C17E /* CGFloat+Extensions.swift in Sources */ = {isa = PBXBuildFile; fileRef = C694779B1F7EB9C300859B11 /* CGFloat+Extensions.swift */; };
		C65866C71F7FF5450086C17E /* Int+Extensions.swift in Sources */ = {isa = PBXBuildFile; fileRef = C65866C61F7FF5450086C17E /* Int+Extensions.swift */; };
		C65866CB1F7FF7C80086C17E /* SmokeParticle.sks in Resources */ = {isa = PBXBuildFile; fileRef = C65866C91F7FF7C80086C17E /* SmokeParticle.sks */; };
		C65866CC1F7FF7C80086C17E /* Assets.xcassets in Resources */ = {isa = PBXBuildFile; fileRef = C65866CA1F7FF7C80086C17E /* Assets.xcassets */; };
		C685C4B11F7EBDB80085F406 /* GameLayer.swift in Sources */ = {isa = PBXBuildFile; fileRef = C69477A11F7EBB4A00859B11 /* GameLayer.swift */; };
		C685C4B21F7EBDBB0085F406 /* ForegroundLayer.swift in Sources */ = {isa = PBXBuildFile; fileRef = C694779F1F7EBB4900859B11 /* ForegroundLayer.swift */; };
		C685C4B31F7EBDBE0085F406 /* BackgroundLayer.swift in Sources */ = {isa = PBXBuildFile; fileRef = C694779E1F7EBB4900859B11 /* BackgroundLayer.swift */; };
		C685C4B41F7EBDC20085F406 /* GameLayer+TouchesEvents.swift in Sources */ = {isa = PBXBuildFile; fileRef = C69477A31F7EBB5700859B11 /* GameLayer+TouchesEvents.swift */; };
		C685C4B51F7EBDC40085F406 /* GameLayer+Update.swift in Sources */ = {isa = PBXBuildFile; fileRef = C69477A21F7EBB5700859B11 /* GameLayer+Update.swift */; };
		C685C4B61F7EBDC60085F406 /* HudLayer.swift in Sources */ = {isa = PBXBuildFile; fileRef = C69477A01F7EBB4900859B11 /* HudLayer.swift */; };
		C685C4B71F7EBDCA0085F406 /* GameObject.swift in Sources */ = {isa = PBXBuildFile; fileRef = C694779D1F7EB9E500859B11 /* GameObject.swift */; };
		C685C4B81F7EBDCD0085F406 /* Physicable.swift in Sources */ = {isa = PBXBuildFile; fileRef = C694779C1F7EB9E500859B11 /* Physicable.swift */; };
		C685C4BA1F7EBFCC0085F406 /* GameState.swift in Sources */ = {isa = PBXBuildFile; fileRef = C685C4B91F7EBFCC0085F406 /* GameState.swift */; };
		C69477A51F7EBCA700859B11 /* Updatable.swift in Sources */ = {isa = PBXBuildFile; fileRef = C69477A41F7EBCA700859B11 /* Updatable.swift */; };
		C6F04B421F7D3A2600F5B3DC /* AppDelegate.swift in Sources */ = {isa = PBXBuildFile; fileRef = C6F04B411F7D3A2500F5B3DC /* AppDelegate.swift */; };
		C6F04B481F7D3A2600F5B3DC /* GameScene.swift in Sources */ = {isa = PBXBuildFile; fileRef = C6F04B471F7D3A2600F5B3DC /* GameScene.swift */; };
		C6F04B4A1F7D3A2600F5B3DC /* GameViewController.swift in Sources */ = {isa = PBXBuildFile; fileRef = C6F04B491F7D3A2600F5B3DC /* GameViewController.swift */; };
		C6F04B4D1F7D3A2600F5B3DC /* Main.storyboard in Resources */ = {isa = PBXBuildFile; fileRef = C6F04B4B1F7D3A2600F5B3DC /* Main.storyboard */; };
		C6F04B4F1F7D3A2600F5B3DC /* Assets.xcassets in Resources */ = {isa = PBXBuildFile; fileRef = C6F04B4E1F7D3A2600F5B3DC /* Assets.xcassets */; };
		C6F04B521F7D3A2600F5B3DC /* LaunchScreen.storyboard in Resources */ = {isa = PBXBuildFile; fileRef = C6F04B501F7D3A2600F5B3DC /* LaunchScreen.storyboard */; };
/* End PBXBuildFile section */

/* Begin PBXFileReference section */
		C61C1B441F801B7900198B4D /* StarsParticle.sks */ = {isa = PBXFileReference; lastKnownFileType = file.sks; path = StarsParticle.sks; sourceTree = "<group>"; };
		C65866B11F7EF2860086C17E /* Ship.swift */ = {isa = PBXFileReference; lastKnownFileType = sourcecode.swift; path = Ship.swift; sourceTree = "<group>"; };
		C65866B31F7EF5C60086C17E /* GameScene+SKPhysics.swift */ = {isa = PBXFileReference; lastKnownFileType = sourcecode.swift; path = "GameScene+SKPhysics.swift"; sourceTree = "<group>"; };
		C65866B51F7F02480086C17E /* AnalogJoystick.swift */ = {isa = PBXFileReference; lastKnownFileType = sourcecode.swift; path = AnalogJoystick.swift; sourceTree = "<group>"; };
		C65866B71F7F04130086C17E /* AnalogStickDelegate.swift */ = {isa = PBXFileReference; lastKnownFileType = sourcecode.swift; path = AnalogStickDelegate.swift; sourceTree = "<group>"; };
		C65866BB1F7FDA350086C17E /* Bullet.swift */ = {isa = PBXFileReference; lastKnownFileType = sourcecode.swift; path = Bullet.swift; sourceTree = "<group>"; };
		C65866BD1F7FECD30086C17E /* Shootable.swift */ = {isa = PBXFileReference; lastKnownFileType = sourcecode.swift; path = Shootable.swift; sourceTree = "<group>"; };
		C65866BF1F7FEEC20086C17E /* HudLayer+TouchEvents.swift */ = {isa = PBXFileReference; lastKnownFileType = sourcecode.swift; path = "HudLayer+TouchEvents.swift"; sourceTree = "<group>"; };
		C65866C11F7FF2B20086C17E /* Planet.swift */ = {isa = PBXFileReference; lastKnownFileType = sourcecode.swift; path = Planet.swift; sourceTree = "<group>"; };
		C65866C61F7FF5450086C17E /* Int+Extensions.swift */ = {isa = PBXFileReference; lastKnownFileType = sourcecode.swift; path = "Int+Extensions.swift"; sourceTree = "<group>"; };
		C65866C91F7FF7C80086C17E /* SmokeParticle.sks */ = {isa = PBXFileReference; lastKnownFileType = file.sks; path = SmokeParticle.sks; sourceTree = "<group>"; };
		C65866CA1F7FF7C80086C17E /* Assets.xcassets */ = {isa = PBXFileReference; lastKnownFileType = folder.assetcatalog; path = Assets.xcassets; sourceTree = "<group>"; };
		C685C4B91F7EBFCC0085F406 /* GameState.swift */ = {isa = PBXFileReference; lastKnownFileType = sourcecode.swift; path = GameState.swift; sourceTree = "<group>"; };
		C694779B1F7EB9C300859B11 /* CGFloat+Extensions.swift */ = {isa = PBXFileReference; lastKnownFileType = sourcecode.swift; path = "CGFloat+Extensions.swift"; sourceTree = "<group>"; };
		C694779C1F7EB9E500859B11 /* Physicable.swift */ = {isa = PBXFileReference; lastKnownFileType = sourcecode.swift; path = Physicable.swift; sourceTree = "<group>"; };
		C694779D1F7EB9E500859B11 /* GameObject.swift */ = {isa = PBXFileReference; lastKnownFileType = sourcecode.swift; path = GameObject.swift; sourceTree = "<group>"; };
		C694779E1F7EBB4900859B11 /* BackgroundLayer.swift */ = {isa = PBXFileReference; lastKnownFileType = sourcecode.swift; path = BackgroundLayer.swift; sourceTree = "<group>"; };
		C694779F1F7EBB4900859B11 /* ForegroundLayer.swift */ = {isa = PBXFileReference; lastKnownFileType = sourcecode.swift; path = ForegroundLayer.swift; sourceTree = "<group>"; };
		C69477A01F7EBB4900859B11 /* HudLayer.swift */ = {isa = PBXFileReference; lastKnownFileType = sourcecode.swift; path = HudLayer.swift; sourceTree = "<group>"; };
		C69477A11F7EBB4A00859B11 /* GameLayer.swift */ = {isa = PBXFileReference; lastKnownFileType = sourcecode.swift; path = GameLayer.swift; sourceTree = "<group>"; };
		C69477A21F7EBB5700859B11 /* GameLayer+Update.swift */ = {isa = PBXFileReference; lastKnownFileType = sourcecode.swift; path = "GameLayer+Update.swift"; sourceTree = "<group>"; };
		C69477A31F7EBB5700859B11 /* GameLayer+TouchesEvents.swift */ = {isa = PBXFileReference; lastKnownFileType = sourcecode.swift; path = "GameLayer+TouchesEvents.swift"; sourceTree = "<group>"; };
		C69477A41F7EBCA700859B11 /* Updatable.swift */ = {isa = PBXFileReference; lastKnownFileType = sourcecode.swift; path = Updatable.swift; sourceTree = "<group>"; };
		C6F04B3E1F7D3A2500F5B3DC /* Space Explorer.app */ = {isa = PBXFileReference; explicitFileType = wrapper.application; includeInIndex = 0; path = "Space Explorer.app"; sourceTree = BUILT_PRODUCTS_DIR; };
		C6F04B411F7D3A2500F5B3DC /* AppDelegate.swift */ = {isa = PBXFileReference; lastKnownFileType = sourcecode.swift; path = AppDelegate.swift; sourceTree = "<group>"; };
		C6F04B471F7D3A2600F5B3DC /* GameScene.swift */ = {isa = PBXFileReference; lastKnownFileType = sourcecode.swift; path = GameScene.swift; sourceTree = "<group>"; };
		C6F04B491F7D3A2600F5B3DC /* GameViewController.swift */ = {isa = PBXFileReference; lastKnownFileType = sourcecode.swift; path = GameViewController.swift; sourceTree = "<group>"; };
		C6F04B4C1F7D3A2600F5B3DC /* Base */ = {isa = PBXFileReference; lastKnownFileType = file.storyboard; name = Base; path = Base.lproj/Main.storyboard; sourceTree = "<group>"; };
		C6F04B4E1F7D3A2600F5B3DC /* Assets.xcassets */ = {isa = PBXFileReference; lastKnownFileType = folder.assetcatalog; path = Assets.xcassets; sourceTree = "<group>"; };
		C6F04B511F7D3A2600F5B3DC /* Base */ = {isa = PBXFileReference; lastKnownFileType = file.storyboard; name = Base; path = Base.lproj/LaunchScreen.storyboard; sourceTree = "<group>"; };
		C6F04B531F7D3A2600F5B3DC /* Info.plist */ = {isa = PBXFileReference; lastKnownFileType = text.plist.xml; path = Info.plist; sourceTree = "<group>"; };
/* End PBXFileReference section */

/* Begin PBXFrameworksBuildPhase section */
		C6F04B3B1F7D3A2500F5B3DC /* Frameworks */ = {
			isa = PBXFrameworksBuildPhase;
			buildActionMask = 2147483647;
			files = (
			);
			runOnlyForDeploymentPostprocessing = 0;
		};
/* End PBXFrameworksBuildPhase section */

/* Begin PBXGroup section */
		C65866C81F7FF7AF0086C17E /* Resources */ = {
			isa = PBXGroup;
			children = (
				C65866C91F7FF7C80086C17E /* SmokeParticle.sks */,
				C65866CA1F7FF7C80086C17E /* Assets.xcassets */,
				C61C1B441F801B7900198B4D /* StarsParticle.sks */,
			);
			path = Resources;
			sourceTree = "<group>";
		};
		C69477941F7EB97300859B11 /* Character */ = {
			isa = PBXGroup;
			children = (
				C694779D1F7EB9E500859B11 /* GameObject.swift */,
				C694779C1F7EB9E500859B11 /* Physicable.swift */,
				C65866B11F7EF2860086C17E /* Ship.swift */,
				C65866BB1F7FDA350086C17E /* Bullet.swift */,
				C65866BD1F7FECD30086C17E /* Shootable.swift */,
				C65866C11F7FF2B20086C17E /* Planet.swift */,
			);
			path = Character;
			sourceTree = "<group>";
		};
		C69477951F7EB97F00859B11 /* Layers */ = {
			isa = PBXGroup;
			children = (
				C65866B51F7F02480086C17E /* AnalogJoystick.swift */,
				C694779E1F7EBB4900859B11 /* BackgroundLayer.swift */,
				C694779F1F7EBB4900859B11 /* ForegroundLayer.swift */,
				C69477A11F7EBB4A00859B11 /* GameLayer.swift */,
				C69477A31F7EBB5700859B11 /* GameLayer+TouchesEvents.swift */,
				C69477A21F7EBB5700859B11 /* GameLayer+Update.swift */,
				C69477A01F7EBB4900859B11 /* HudLayer.swift */,
				C65866BF1F7FEEC20086C17E /* HudLayer+TouchEvents.swift */,
				C69477A41F7EBCA700859B11 /* Updatable.swift */,
				C65866B71F7F04130086C17E /* AnalogStickDelegate.swift */,
			);
			path = Layers;
			sourceTree = "<group>";
		};
		C69477961F7EB98400859B11 /* Core */ = {
			isa = PBXGroup;
			children = (
				C6F04B491F7D3A2600F5B3DC /* GameViewController.swift */,
				C6F04B411F7D3A2500F5B3DC /* AppDelegate.swift */,
			);
			path = Core;
			sourceTree = "<group>";
		};
		C69477971F7EB98900859B11 /* Helpers */ = {
			isa = PBXGroup;
			children = (
			);
			path = Helpers;
			sourceTree = "<group>";
		};
		C69477981F7EB98E00859B11 /* Extensions */ = {
			isa = PBXGroup;
			children = (
				C694779B1F7EB9C300859B11 /* CGFloat+Extensions.swift */,
				C65866B31F7EF5C60086C17E /* GameScene+SKPhysics.swift */,
				C65866C61F7FF5450086C17E /* Int+Extensions.swift */,
			);
			path = Extensions;
			sourceTree = "<group>";
		};
		C69477991F7EB99400859B11 /* Scenes */ = {
			isa = PBXGroup;
			children = (
				C6F04B471F7D3A2600F5B3DC /* GameScene.swift */,
			);
			path = Scenes;
			sourceTree = "<group>";
		};
		C694779A1F7EB99C00859B11 /* Persistence */ = {
			isa = PBXGroup;
			children = (
				C685C4B91F7EBFCC0085F406 /* GameState.swift */,
			);
			path = Persistence;
			sourceTree = "<group>";
		};
		C6F04B351F7D3A2500F5B3DC = {
			isa = PBXGroup;
			children = (
				C6F04B401F7D3A2500F5B3DC /* Space Explorer */,
				C6F04B3F1F7D3A2500F5B3DC /* Products */,
			);
			sourceTree = "<group>";
		};
		C6F04B3F1F7D3A2500F5B3DC /* Products */ = {
			isa = PBXGroup;
			children = (
				C6F04B3E1F7D3A2500F5B3DC /* Space Explorer.app */,
			);
			name = Products;
			sourceTree = "<group>";
		};
		C6F04B401F7D3A2500F5B3DC /* Space Explorer */ = {
			isa = PBXGroup;
			children = (
				C65866C81F7FF7AF0086C17E /* Resources */,
				C694779A1F7EB99C00859B11 /* Persistence */,
				C69477991F7EB99400859B11 /* Scenes */,
				C69477981F7EB98E00859B11 /* Extensions */,
				C69477971F7EB98900859B11 /* Helpers */,
				C69477961F7EB98400859B11 /* Core */,
				C69477951F7EB97F00859B11 /* Layers */,
				C69477941F7EB97300859B11 /* Character */,
				C6F04B4B1F7D3A2600F5B3DC /* Main.storyboard */,
				C6F04B4E1F7D3A2600F5B3DC /* Assets.xcassets */,
				C6F04B501F7D3A2600F5B3DC /* LaunchScreen.storyboard */,
				C6F04B531F7D3A2600F5B3DC /* Info.plist */,
			);
			path = "Space Explorer";
			sourceTree = "<group>";
		};
/* End PBXGroup section */

/* Begin PBXNativeTarget section */
		C6F04B3D1F7D3A2500F5B3DC /* Space Explorer */ = {
			isa = PBXNativeTarget;
			buildConfigurationList = C6F04B561F7D3A2600F5B3DC /* Build configuration list for PBXNativeTarget "Space Explorer" */;
			buildPhases = (
				C6F04B3A1F7D3A2500F5B3DC /* Sources */,
				C6F04B3B1F7D3A2500F5B3DC /* Frameworks */,
				C6F04B3C1F7D3A2500F5B3DC /* Resources */,
			);
			buildRules = (
			);
			dependencies = (
			);
			name = "Space Explorer";
			productName = "Space Explorer";
			productReference = C6F04B3E1F7D3A2500F5B3DC /* Space Explorer.app */;
			productType = "com.apple.product-type.application";
		};
/* End PBXNativeTarget section */

/* Begin PBXProject section */
		C6F04B361F7D3A2500F5B3DC /* Project object */ = {
			isa = PBXProject;
			attributes = {
				LastSwiftUpdateCheck = 0900;
				LastUpgradeCheck = 0900;
				ORGANIZATIONNAME = "Marcos Morais";
				TargetAttributes = {
					C6F04B3D1F7D3A2500F5B3DC = {
						CreatedOnToolsVersion = 9.0;
						ProvisioningStyle = Automatic;
					};
				};
			};
			buildConfigurationList = C6F04B391F7D3A2500F5B3DC /* Build configuration list for PBXProject "Space Explorer" */;
			compatibilityVersion = "Xcode 8.0";
			developmentRegion = en;
			hasScannedForEncodings = 0;
			knownRegions = (
				en,
				Base,
			);
			mainGroup = C6F04B351F7D3A2500F5B3DC;
			productRefGroup = C6F04B3F1F7D3A2500F5B3DC /* Products */;
			projectDirPath = "";
			projectRoot = "";
			targets = (
				C6F04B3D1F7D3A2500F5B3DC /* Space Explorer */,
			);
		};
/* End PBXProject section */

/* Begin PBXResourcesBuildPhase section */
		C6F04B3C1F7D3A2500F5B3DC /* Resources */ = {
			isa = PBXResourcesBuildPhase;
			buildActionMask = 2147483647;
			files = (
				C6F04B4D1F7D3A2600F5B3DC /* Main.storyboard in Resources */,
				C6F04B4F1F7D3A2600F5B3DC /* Assets.xcassets in Resources */,
				C6F04B521F7D3A2600F5B3DC /* LaunchScreen.storyboard in Resources */,
				C65866CB1F7FF7C80086C17E /* SmokeParticle.sks in Resources */,
				C65866CC1F7FF7C80086C17E /* Assets.xcassets in Resources */,
				C61C1B451F801B7900198B4D /* StarsParticle.sks in Resources */,
			);
			runOnlyForDeploymentPostprocessing = 0;
		};
/* End PBXResourcesBuildPhase section */

/* Begin PBXSourcesBuildPhase section */
		C6F04B3A1F7D3A2500F5B3DC /* Sources */ = {
			isa = PBXSourcesBuildPhase;
			buildActionMask = 2147483647;
			files = (
				C65866C51F7FF4F40086C17E /* CGFloat+Extensions.swift in Sources */,
				C685C4B71F7EBDCA0085F406 /* GameObject.swift in Sources */,
				C65866B61F7F02480086C17E /* AnalogJoystick.swift in Sources */,
				C69477A51F7EBCA700859B11 /* Updatable.swift in Sources */,
				C685C4BA1F7EBFCC0085F406 /* GameState.swift in Sources */,
				C685C4B11F7EBDB80085F406 /* GameLayer.swift in Sources */,
				C685C4B41F7EBDC20085F406 /* GameLayer+TouchesEvents.swift in Sources */,
				C65866B21F7EF2860086C17E /* Ship.swift in Sources */,
				C685C4B21F7EBDBB0085F406 /* ForegroundLayer.swift in Sources */,
				C6F04B481F7D3A2600F5B3DC /* GameScene.swift in Sources */,
				C6F04B4A1F7D3A2600F5B3DC /* GameViewController.swift in Sources */,
				C65866BE1F7FECD30086C17E /* Shootable.swift in Sources */,
				C685C4B51F7EBDC40085F406 /* GameLayer+Update.swift in Sources */,
				C685C4B61F7EBDC60085F406 /* HudLayer.swift in Sources */,
				C65866B81F7F04130086C17E /* AnalogStickDelegate.swift in Sources */,
				C65866C71F7FF5450086C17E /* Int+Extensions.swift in Sources */,
				C65866C01F7FEEC20086C17E /* HudLayer+TouchEvents.swift in Sources */,
				C685C4B31F7EBDBE0085F406 /* BackgroundLayer.swift in Sources */,
				C65866B41F7EF5C60086C17E /* GameScene+SKPhysics.swift in Sources */,
				C6F04B421F7D3A2600F5B3DC /* AppDelegate.swift in Sources */,
				C65866C21F7FF2B20086C17E /* Planet.swift in Sources */,
				C685C4B81F7EBDCD0085F406 /* Physicable.swift in Sources */,
				C65866BC1F7FDA350086C17E /* Bullet.swift in Sources */,
			);
			runOnlyForDeploymentPostprocessing = 0;
		};
/* End PBXSourcesBuildPhase section */

/* Begin PBXVariantGroup section */
		C6F04B4B1F7D3A2600F5B3DC /* Main.storyboard */ = {
			isa = PBXVariantGroup;
			children = (
				C6F04B4C1F7D3A2600F5B3DC /* Base */,
			);
			name = Main.storyboard;
			sourceTree = "<group>";
		};
		C6F04B501F7D3A2600F5B3DC /* LaunchScreen.storyboard */ = {
			isa = PBXVariantGroup;
			children = (
				C6F04B511F7D3A2600F5B3DC /* Base */,
			);
			name = LaunchScreen.storyboard;
			sourceTree = "<group>";
		};
/* End PBXVariantGroup section */

/* Begin XCBuildConfiguration section */
		C6F04B541F7D3A2600F5B3DC /* Debug */ = {
			isa = XCBuildConfiguration;
			buildSettings = {
				ALWAYS_SEARCH_USER_PATHS = NO;
				CLANG_ANALYZER_NONNULL = YES;
				CLANG_ANALYZER_NUMBER_OBJECT_CONVERSION = YES_AGGRESSIVE;
				CLANG_CXX_LANGUAGE_STANDARD = "gnu++14";
				CLANG_CXX_LIBRARY = "libc++";
				CLANG_ENABLE_MODULES = YES;
				CLANG_ENABLE_OBJC_ARC = YES;
				CLANG_WARN_BLOCK_CAPTURE_AUTORELEASING = YES;
				CLANG_WARN_BOOL_CONVERSION = YES;
				CLANG_WARN_COMMA = YES;
				CLANG_WARN_CONSTANT_CONVERSION = YES;
				CLANG_WARN_DIRECT_OBJC_ISA_USAGE = YES_ERROR;
				CLANG_WARN_DOCUMENTATION_COMMENTS = YES;
				CLANG_WARN_EMPTY_BODY = YES;
				CLANG_WARN_ENUM_CONVERSION = YES;
				CLANG_WARN_INFINITE_RECURSION = YES;
				CLANG_WARN_INT_CONVERSION = YES;
				CLANG_WARN_NON_LITERAL_NULL_CONVERSION = YES;
				CLANG_WARN_OBJC_LITERAL_CONVERSION = YES;
				CLANG_WARN_OBJC_ROOT_CLASS = YES_ERROR;
				CLANG_WARN_RANGE_LOOP_ANALYSIS = YES;
				CLANG_WARN_STRICT_PROTOTYPES = YES;
				CLANG_WARN_SUSPICIOUS_MOVE = YES;
				CLANG_WARN_UNGUARDED_AVAILABILITY = YES_AGGRESSIVE;
				CLANG_WARN_UNREACHABLE_CODE = YES;
				CLANG_WARN__DUPLICATE_METHOD_MATCH = YES;
				CODE_SIGN_IDENTITY = "iPhone Developer";
				COPY_PHASE_STRIP = NO;
				DEBUG_INFORMATION_FORMAT = dwarf;
				ENABLE_STRICT_OBJC_MSGSEND = YES;
				ENABLE_TESTABILITY = YES;
				GCC_C_LANGUAGE_STANDARD = gnu11;
				GCC_DYNAMIC_NO_PIC = NO;
				GCC_NO_COMMON_BLOCKS = YES;
				GCC_OPTIMIZATION_LEVEL = 0;
				GCC_PREPROCESSOR_DEFINITIONS = (
					"DEBUG=1",
					"$(inherited)",
				);
				GCC_WARN_64_TO_32_BIT_CONVERSION = YES;
				GCC_WARN_ABOUT_RETURN_TYPE = YES_ERROR;
				GCC_WARN_UNDECLARED_SELECTOR = YES;
				GCC_WARN_UNINITIALIZED_AUTOS = YES_AGGRESSIVE;
				GCC_WARN_UNUSED_FUNCTION = YES;
				GCC_WARN_UNUSED_VARIABLE = YES;
				IPHONEOS_DEPLOYMENT_TARGET = 11.0;
				MTL_ENABLE_DEBUG_INFO = YES;
				ONLY_ACTIVE_ARCH = YES;
				SDKROOT = iphoneos;
				SWIFT_ACTIVE_COMPILATION_CONDITIONS = DEBUG;
				SWIFT_OPTIMIZATION_LEVEL = "-Onone";
			};
			name = Debug;
		};
		C6F04B551F7D3A2600F5B3DC /* Release */ = {
			isa = XCBuildConfiguration;
			buildSettings = {
				ALWAYS_SEARCH_USER_PATHS = NO;
				CLANG_ANALYZER_NONNULL = YES;
				CLANG_ANALYZER_NUMBER_OBJECT_CONVERSION = YES_AGGRESSIVE;
				CLANG_CXX_LANGUAGE_STANDARD = "gnu++14";
				CLANG_CXX_LIBRARY = "libc++";
				CLANG_ENABLE_MODULES = YES;
				CLANG_ENABLE_OBJC_ARC = YES;
				CLANG_WARN_BLOCK_CAPTURE_AUTORELEASING = YES;
				CLANG_WARN_BOOL_CONVERSION = YES;
				CLANG_WARN_COMMA = YES;
				CLANG_WARN_CONSTANT_CONVERSION = YES;
				CLANG_WARN_DIRECT_OBJC_ISA_USAGE = YES_ERROR;
				CLANG_WARN_DOCUMENTATION_COMMENTS = YES;
				CLANG_WARN_EMPTY_BODY = YES;
				CLANG_WARN_ENUM_CONVERSION = YES;
				CLANG_WARN_INFINITE_RECURSION = YES;
				CLANG_WARN_INT_CONVERSION = YES;
				CLANG_WARN_NON_LITERAL_NULL_CONVERSION = YES;
				CLANG_WARN_OBJC_LITERAL_CONVERSION = YES;
				CLANG_WARN_OBJC_ROOT_CLASS = YES_ERROR;
				CLANG_WARN_RANGE_LOOP_ANALYSIS = YES;
				CLANG_WARN_STRICT_PROTOTYPES = YES;
				CLANG_WARN_SUSPICIOUS_MOVE = YES;
				CLANG_WARN_UNGUARDED_AVAILABILITY = YES_AGGRESSIVE;
				CLANG_WARN_UNREACHABLE_CODE = YES;
				CLANG_WARN__DUPLICATE_METHOD_MATCH = YES;
				CODE_SIGN_IDENTITY = "iPhone Developer";
				COPY_PHASE_STRIP = NO;
				DEBUG_INFORMATION_FORMAT = "dwarf-with-dsym";
				ENABLE_NS_ASSERTIONS = NO;
				ENABLE_STRICT_OBJC_MSGSEND = YES;
				GCC_C_LANGUAGE_STANDARD = gnu11;
				GCC_NO_COMMON_BLOCKS = YES;
				GCC_WARN_64_TO_32_BIT_CONVERSION = YES;
				GCC_WARN_ABOUT_RETURN_TYPE = YES_ERROR;
				GCC_WARN_UNDECLARED_SELECTOR = YES;
				GCC_WARN_UNINITIALIZED_AUTOS = YES_AGGRESSIVE;
				GCC_WARN_UNUSED_FUNCTION = YES;
				GCC_WARN_UNUSED_VARIABLE = YES;
				IPHONEOS_DEPLOYMENT_TARGET = 11.0;
				MTL_ENABLE_DEBUG_INFO = NO;
				SDKROOT = iphoneos;
				SWIFT_OPTIMIZATION_LEVEL = "-Owholemodule";
				VALIDATE_PRODUCT = YES;
			};
			name = Release;
		};
		C6F04B571F7D3A2600F5B3DC /* Debug */ = {
			isa = XCBuildConfiguration;
			buildSettings = {
				ASSETCATALOG_COMPILER_APPICON_NAME = AppIcon;
				CODE_SIGN_STYLE = Automatic;
				DEVELOPMENT_TEAM = K2S97N6WJD;
				INFOPLIST_FILE = "Space Explorer/Info.plist";
				LD_RUNPATH_SEARCH_PATHS = "$(inherited) @executable_path/Frameworks";
				PRODUCT_BUNDLE_IDENTIFIER = "com.marcostmorais.Space-Explorer";
				PRODUCT_NAME = "$(TARGET_NAME)";
				SWIFT_VERSION = 4.0;
				TARGETED_DEVICE_FAMILY = "1,2";
			};
			name = Debug;
		};
		C6F04B581F7D3A2600F5B3DC /* Release */ = {
			isa = XCBuildConfiguration;
			buildSettings = {
				ASSETCATALOG_COMPILER_APPICON_NAME = AppIcon;
				CODE_SIGN_STYLE = Automatic;
				DEVELOPMENT_TEAM = K2S97N6WJD;
				INFOPLIST_FILE = "Space Explorer/Info.plist";
				LD_RUNPATH_SEARCH_PATHS = "$(inherited) @executable_path/Frameworks";
				PRODUCT_BUNDLE_IDENTIFIER = "com.marcostmorais.Space-Explorer";
				PRODUCT_NAME = "$(TARGET_NAME)";
				SWIFT_VERSION = 4.0;
				TARGETED_DEVICE_FAMILY = "1,2";
			};
			name = Release;
		};
/* End XCBuildConfiguration section */

/* Begin XCConfigurationList section */
		C6F04B391F7D3A2500F5B3DC /* Build configuration list for PBXProject "Space Explorer" */ = {
			isa = XCConfigurationList;
			buildConfigurations = (
				C6F04B541F7D3A2600F5B3DC /* Debug */,
				C6F04B551F7D3A2600F5B3DC /* Release */,
			);
			defaultConfigurationIsVisible = 0;
			defaultConfigurationName = Release;
		};
		C6F04B561F7D3A2600F5B3DC /* Build configuration list for PBXNativeTarget "Space Explorer" */ = {
			isa = XCConfigurationList;
			buildConfigurations = (
				C6F04B571F7D3A2600F5B3DC /* Debug */,
				C6F04B581F7D3A2600F5B3DC /* Release */,
			);
			defaultConfigurationIsVisible = 0;
			defaultConfigurationName = Release;
		};
/* End XCConfigurationList section */
	};
	rootObject = C6F04B361F7D3A2500F5B3DC /* Project object */;
}
